
Microsoft Visual Studio Solution File, Format Version 12.00
# Visual Studio Version 17
VisualStudioVersion = 17.2.32519.379
MinimumVisualStudioVersion = 10.0.40219.1
Project("{9A19103F-16F7-4668-BE54-9A1E7A4F7556}") = "MivexBlagajna.DataAccess", "MivexBlagajna.DataAccess\MivexBlagajna.DataAccess.csproj", "{9A1560C6-D453-4FA7-9015-641A31CA8CEE}"
EndProject
Project("{9A19103F-16F7-4668-BE54-9A1E7A4F7556}") = "MivexBlagajna.Data", "MivexBlagajna.Data\MivexBlagajna.Data.csproj", "{5049EC8E-9424-4F3D-A72B-6FB5179ECFA8}"
EndProject
Project("{9A19103F-16F7-4668-BE54-9A1E7A4F7556}") = "MivexBlagajna.UI", "MivexBlagajna.UI\MivexBlagajna.UI.csproj", "{C24D28A4-1CDB-463B-BC65-4CFE1DC10ED8}"
EndProject
Global
	GlobalSection(SolutionConfigurationPlatforms) = preSolution
		Debug|Any CPU = Debug|Any CPU
		Release|Any CPU = Release|Any CPU
	EndGlobalSection
	GlobalSection(ProjectConfigurationPlatforms) = postSolution
		{9A1560C6-D453-4FA7-9015-641A31CA8CEE}.Debug|Any CPU.ActiveCfg = Debug|Any CPU
		{9A1560C6-D453-4FA7-9015-641A31CA8CEE}.Debug|Any CPU.Build.0 = Debug|Any CPU
		{9A1560C6-D453-4FA7-9015-641A31CA8CEE}.Release|Any CPU.ActiveCfg = Release|Any CPU
		{9A1560C6-D453-4FA7-9015-641A31CA8CEE}.Release|Any CPU.Build.0 = Release|Any CPU
		{5049EC8E-9424-4F3D-A72B-6FB5179ECFA8}.Debug|Any CPU.ActiveCfg = Debug|Any CPU
		{5049EC8E-9424-4F3D-A72B-6FB5179ECFA8}.Debug|Any CPU.Build.0 = Debug|Any CPU
		{5049EC8E-9424-4F3D-A72B-6FB5179ECFA8}.Release|Any CPU.ActiveCfg = Release|Any CPU
		{5049EC8E-9424-4F3D-A72B-6FB5179ECFA8}.Release|Any CPU.Build.0 = Release|Any CPU
		{C24D28A4-1CDB-463B-BC65-4CFE1DC10ED8}.Debug|Any CPU.ActiveCfg = Debug|Any CPU
		{C24D28A4-1CDB-463B-BC65-4CFE1DC10ED8}.Debug|Any CPU.Build.0 = Debug|Any CPU
		{C24D28A4-1CDB-463B-BC65-4CFE1DC10ED8}.Release|Any CPU.ActiveCfg = Release|Any CPU
		{C24D28A4-1CDB-463B-BC65-4CFE1DC10ED8}.Release|Any CPU.Build.0 = Release|Any CPU
	EndGlobalSection
	GlobalSection(SolutionProperties) = preSolution
		HideSolutionNode = FALSE
	EndGlobalSection
	GlobalSection(ExtensibilityGlobals) = postSolution
		SolutionGuid = {C273B64F-D42E-4C00-ADDB-9B83330FB253}
	EndGlobalSection
EndGlobal
